
Microsoft Visual Studio Solution File, Format Version 12.00
# Visual Studio 2012
Project("{FAE04EC0-301F-11D3-BF4B-00C04F79EFBC}") = "HelloWorld", "HelloWorld\HelloWorld.csproj", "{1EC4390C-D4D2-4F6D-8BF4-44AA4E1EA4F0}"
EndProject
Project("{FAE04EC0-301F-11D3-BF4B-00C04F79EFBC}") = "Messages", "Messages\Messages.csproj", "{37960667-2C34-4276-862A-2696549F5671}"
EndProject
Project("{FAE04EC0-301F-11D3-BF4B-00C04F79EFBC}") = "HelloWorldServer", "HelloWorldServer\HelloWorldServer.csproj", "{680139D5-49F8-42A0-874F-88BB2A500DA9}"
EndProject
Project("{FAE04EC0-301F-11D3-BF4B-00C04F79EFBC}") = "SecurityServiceAdapter", "SecurityServiceAdapter\SecurityServiceAdapter.csproj", "{6150C9DC-540A-4F0F-9A35-0D478DD8D912}"
EndProject
Project("{FAE04EC0-301F-11D3-BF4B-00C04F79EFBC}") = "MvcApplication1", "MvcApplication1\MvcApplication1.csproj", "{8DF5E744-03A4-4FDC-A989-5A6CF0F1529A}"
EndProject
Project("{FAE04EC0-301F-11D3-BF4B-00C04F79EFBC}") = "HelloWorldServer.Tests", "HelloWorldServer.Tests\HelloWorldServer.Tests.csproj", "{4A1F50D9-65D0-42A1-ADBA-229263400C2D}"
EndProject
Project("{FAE04EC0-301F-11D3-BF4B-00C04F79EFBC}") = "HelloWorldQueryServer", "HelloWorldQueryServer\HelloWorldQueryServer.csproj", "{DD20D1AC-213C-49C2-8043-74BB7F9BFB15}"
EndProject
Global
	GlobalSection(SolutionConfigurationPlatforms) = preSolution
		Debug|Any CPU = Debug|Any CPU
		Release|Any CPU = Release|Any CPU
	EndGlobalSection
	GlobalSection(ProjectConfigurationPlatforms) = postSolution
		{1EC4390C-D4D2-4F6D-8BF4-44AA4E1EA4F0}.Debug|Any CPU.ActiveCfg = Debug|Any CPU
		{1EC4390C-D4D2-4F6D-8BF4-44AA4E1EA4F0}.Debug|Any CPU.Build.0 = Debug|Any CPU
		{1EC4390C-D4D2-4F6D-8BF4-44AA4E1EA4F0}.Release|Any CPU.ActiveCfg = Release|Any CPU
		{1EC4390C-D4D2-4F6D-8BF4-44AA4E1EA4F0}.Release|Any CPU.Build.0 = Release|Any CPU
		{37960667-2C34-4276-862A-2696549F5671}.Debug|Any CPU.ActiveCfg = Debug|Any CPU
		{37960667-2C34-4276-862A-2696549F5671}.Debug|Any CPU.Build.0 = Debug|Any CPU
		{37960667-2C34-4276-862A-2696549F5671}.Release|Any CPU.ActiveCfg = Release|Any CPU
		{37960667-2C34-4276-862A-2696549F5671}.Release|Any CPU.Build.0 = Release|Any CPU
		{680139D5-49F8-42A0-874F-88BB2A500DA9}.Debug|Any CPU.ActiveCfg = Debug|Any CPU
		{680139D5-49F8-42A0-874F-88BB2A500DA9}.Debug|Any CPU.Build.0 = Debug|Any CPU
		{680139D5-49F8-42A0-874F-88BB2A500DA9}.Release|Any CPU.ActiveCfg = Release|Any CPU
		{680139D5-49F8-42A0-874F-88BB2A500DA9}.Release|Any CPU.Build.0 = Release|Any CPU
		{6150C9DC-540A-4F0F-9A35-0D478DD8D912}.Debug|Any CPU.ActiveCfg = Debug|Any CPU
		{6150C9DC-540A-4F0F-9A35-0D478DD8D912}.Debug|Any CPU.Build.0 = Debug|Any CPU
		{6150C9DC-540A-4F0F-9A35-0D478DD8D912}.Release|Any CPU.ActiveCfg = Release|Any CPU
		{6150C9DC-540A-4F0F-9A35-0D478DD8D912}.Release|Any CPU.Build.0 = Release|Any CPU
		{8DF5E744-03A4-4FDC-A989-5A6CF0F1529A}.Debug|Any CPU.ActiveCfg = Debug|Any CPU
		{8DF5E744-03A4-4FDC-A989-5A6CF0F1529A}.Debug|Any CPU.Build.0 = Debug|Any CPU
		{8DF5E744-03A4-4FDC-A989-5A6CF0F1529A}.Release|Any CPU.ActiveCfg = Release|Any CPU
		{8DF5E744-03A4-4FDC-A989-5A6CF0F1529A}.Release|Any CPU.Build.0 = Release|Any CPU
		{4A1F50D9-65D0-42A1-ADBA-229263400C2D}.Debug|Any CPU.ActiveCfg = Debug|Any CPU
		{4A1F50D9-65D0-42A1-ADBA-229263400C2D}.Debug|Any CPU.Build.0 = Debug|Any CPU
		{4A1F50D9-65D0-42A1-ADBA-229263400C2D}.Release|Any CPU.ActiveCfg = Release|Any CPU
		{4A1F50D9-65D0-42A1-ADBA-229263400C2D}.Release|Any CPU.Build.0 = Release|Any CPU
		{DD20D1AC-213C-49C2-8043-74BB7F9BFB15}.Debug|Any CPU.ActiveCfg = Debug|Any CPU
		{DD20D1AC-213C-49C2-8043-74BB7F9BFB15}.Debug|Any CPU.Build.0 = Debug|Any CPU
		{DD20D1AC-213C-49C2-8043-74BB7F9BFB15}.Release|Any CPU.ActiveCfg = Release|Any CPU
		{DD20D1AC-213C-49C2-8043-74BB7F9BFB15}.Release|Any CPU.Build.0 = Release|Any CPU
	EndGlobalSection
	GlobalSection(SolutionProperties) = preSolution
		HideSolutionNode = FALSE
	EndGlobalSection
EndGlobal
